
Microsoft Visual Studio Solution File, Format Version 12.00
# Visual Studio 15
VisualStudioVersion = 15.0.26124.0
MinimumVisualStudioVersion = 15.0.26124.0
Project("{9A19103F-16F7-4668-BE54-9A1E7A4F7556}") = "ReactJsAspnetEFSql", "ReactJsAspnetEFSql\ReactJsAspnetEFSql.csproj", "{1C46D6BA-6F2E-4C8F-80DB-CB79BD09DD2A}"
EndProject
Project("{FAE04EC0-301F-11D3-BF4B-00C04F79EFBC}") = "ReactJsAspnetEFSqlTests", "ReactJsAspnetEFSqlTests\ReactJsAspnetEFSqlTests.csproj", "{D7D6E362-8E11-4596-B159-C024088E41CD}"
EndProject
Global
	GlobalSection(SolutionConfigurationPlatforms) = preSolution
		Debug|Any CPU = Debug|Any CPU
		Release|Any CPU = Release|Any CPU
	EndGlobalSection
	GlobalSection(ProjectConfigurationPlatforms) = postSolution
		{1C46D6BA-6F2E-4C8F-80DB-CB79BD09DD2A}.Debug|Any CPU.ActiveCfg = Debug|Any CPU
		{1C46D6BA-6F2E-4C8F-80DB-CB79BD09DD2A}.Debug|Any CPU.Build.0 = Debug|Any CPU
		{1C46D6BA-6F2E-4C8F-80DB-CB79BD09DD2A}.Release|Any CPU.ActiveCfg = Release|Any CPU
		{1C46D6BA-6F2E-4C8F-80DB-CB79BD09DD2A}.Release|Any CPU.Build.0 = Release|Any CPU
		{D7D6E362-8E11-4596-B159-C024088E41CD}.Debug|Any CPU.ActiveCfg = Debug|Any CPU
		{D7D6E362-8E11-4596-B159-C024088E41CD}.Debug|Any CPU.Build.0 = Debug|Any CPU
		{D7D6E362-8E11-4596-B159-C024088E41CD}.Release|Any CPU.ActiveCfg = Release|Any CPU
		{D7D6E362-8E11-4596-B159-C024088E41CD}.Release|Any CPU.Build.0 = Release|Any CPU
	EndGlobalSection
	GlobalSection(SolutionProperties) = preSolution
		HideSolutionNode = FALSE
	EndGlobalSection
	GlobalSection(ExtensibilityGlobals) = postSolution
		SolutionGuid = {FC3758C9-6978-424B-85D5-6250A32432D3}
	EndGlobalSection
EndGlobal
